// !$*UTF8*$!
{
	archiveVersion = 1;
	classes = {
	};
	objectVersion = 55;
	objects = {

/* Begin PBXBuildFile section */
		B43164D12844F47D00BC5EA8 /* ShareViewController.swift in Sources */ = {isa = PBXBuildFile; fileRef = B43164D02844F47D00BC5EA8 /* ShareViewController.swift */; };
		B43164D42844F47D00BC5EA8 /* MainInterface.storyboard in Resources */ = {isa = PBXBuildFile; fileRef = B43164D22844F47D00BC5EA8 /* MainInterface.storyboard */; };
		B43164D82844F47D00BC5EA8 /* share.appex in Embed App Extensions */ = {isa = PBXBuildFile; fileRef = B43164CE2844F47D00BC5EA8 /* share.appex */; platformFilter = ios; settings = {ATTRIBUTES = (RemoveHeadersOnCopy, ); }; };
		B448802B28732F2D000D1093 /* rlansync_core.docc in Sources */ = {isa = PBXBuildFile; fileRef = B448802A28732F2D000D1093 /* rlansync_core.docc */; };
		B448803928732F2D000D1093 /* rlansync_core.h in Headers */ = {isa = PBXBuildFile; fileRef = B448802928732F2D000D1093 /* rlansync_core.h */; settings = {ATTRIBUTES = (Public, ); }; };
		B448803C28732F2D000D1093 /* rlansync_core.framework in Frameworks */ = {isa = PBXBuildFile; fileRef = B448802728732F2D000D1093 /* rlansync_core.framework */; };
		B448803D28732F2D000D1093 /* rlansync_core.framework in Embed Frameworks */ = {isa = PBXBuildFile; fileRef = B448802728732F2D000D1093 /* rlansync_core.framework */; settings = {ATTRIBUTES = (CodeSignOnCopy, RemoveHeadersOnCopy, ); }; };
		B448804C28732F9B000D1093 /* rlansync_macosApp.swift in Sources */ = {isa = PBXBuildFile; fileRef = B448804B28732F9B000D1093 /* rlansync_macosApp.swift */; };
		B448804E28732F9B000D1093 /* ContentView.swift in Sources */ = {isa = PBXBuildFile; fileRef = B448804D28732F9B000D1093 /* ContentView.swift */; };
		B448805028732F9D000D1093 /* Assets.xcassets in Resources */ = {isa = PBXBuildFile; fileRef = B448804F28732F9D000D1093 /* Assets.xcassets */; };
		B448805328732F9D000D1093 /* Preview Assets.xcassets in Resources */ = {isa = PBXBuildFile; fileRef = B448805228732F9D000D1093 /* Preview Assets.xcassets */; };
		B45B826728327D03008D6DAB /* rlansync_iosApp.swift in Sources */ = {isa = PBXBuildFile; fileRef = B45B826628327D03008D6DAB /* rlansync_iosApp.swift */; };
		B45B826928327D03008D6DAB /* ContentView.swift in Sources */ = {isa = PBXBuildFile; fileRef = B45B826828327D03008D6DAB /* ContentView.swift */; };
		B45B826B28327D05008D6DAB /* Assets.xcassets in Resources */ = {isa = PBXBuildFile; fileRef = B45B826A28327D05008D6DAB /* Assets.xcassets */; };
		B45B826E28327D05008D6DAB /* Preview Assets.xcassets in Resources */ = {isa = PBXBuildFile; fileRef = B45B826D28327D05008D6DAB /* Preview Assets.xcassets */; };
		B4946FD12879B4C100B57517 /* SimpleShareItem.swift in Sources */ = {isa = PBXBuildFile; fileRef = B4946FD02879B4C100B57517 /* SimpleShareItem.swift */; };
		B4FE8FD6287469B40020B3AD /* librlansync_lib_ios.a in Frameworks */ = {isa = PBXBuildFile; fileRef = B4FE8FD3287469930020B3AD /* librlansync_lib_ios.a */; platformFilter = ios; };
		B4FE8FD7287469B40020B3AD /* librlansync_lib_macos.a in Frameworks */ = {isa = PBXBuildFile; fileRef = B4FE8FD5287469A90020B3AD /* librlansync_lib_macos.a */; platformFilters = (macos, ); };
		B4FE8FD928746A990020B3AD /* rlansynclib.swift in Sources */ = {isa = PBXBuildFile; fileRef = B4FE8FD828746A990020B3AD /* rlansynclib.swift */; };
		B4FE8FDB28746B170020B3AD /* AppSandboxHelper.swift in Sources */ = {isa = PBXBuildFile; fileRef = B4FE8FDA28746B170020B3AD /* AppSandboxHelper.swift */; };
		B4FE8FDC28746E530020B3AD /* rlansync_core.framework in Frameworks */ = {isa = PBXBuildFile; fileRef = B448802728732F2D000D1093 /* rlansync_core.framework */; platformFilter = ios; };
		B4FE8FDD28746E530020B3AD /* rlansync_core.framework in Embed Frameworks */ = {isa = PBXBuildFile; fileRef = B448802728732F2D000D1093 /* rlansync_core.framework */; settings = {ATTRIBUTES = (CodeSignOnCopy, RemoveHeadersOnCopy, ); }; };
		B4FE8FE1287483A50020B3AD /* ItemDirectoryView.swift in Sources */ = {isa = PBXBuildFile; fileRef = B43164DF2845097D00BC5EA8 /* ItemDirectoryView.swift */; };
		B4FE8FE2287483AD0020B3AD /* GridItemView.swift in Sources */ = {isa = PBXBuildFile; fileRef = B43164E3284515E500BC5EA8 /* GridItemView.swift */; };
		B4FE8FE3287483AF0020B3AD /* DetailView.swift in Sources */ = {isa = PBXBuildFile; fileRef = B43164E12845158900BC5EA8 /* DetailView.swift */; };
		B4FE8FE4287483B10020B3AD /* ItemImageView.swift in Sources */ = {isa = PBXBuildFile; fileRef = B46347A5285F1EE700EBF9AC /* ItemImageView.swift */; };
		B4FE8FE5287483F10020B3AD /* ItemTextView.swift in Sources */ = {isa = PBXBuildFile; fileRef = B4DF483828437D4900D5B57C /* ItemTextView.swift */; };
		B4FE8FE6287484260020B3AD /* ShareItem.swift in Sources */ = {isa = PBXBuildFile; fileRef = B43164DD2844FCF900BC5EA8 /* ShareItem.swift */; };
/* End PBXBuildFile section */

/* Begin PBXContainerItemProxy section */
		B43164D62844F47D00BC5EA8 /* PBXContainerItemProxy */ = {
			isa = PBXContainerItemProxy;
			containerPortal = B45B825B28327D03008D6DAB /* Project object */;
			proxyType = 1;
			remoteGlobalIDString = B43164CD2844F47D00BC5EA8;
			remoteInfo = share;
		};
		B448803A28732F2D000D1093 /* PBXContainerItemProxy */ = {
			isa = PBXContainerItemProxy;
			containerPortal = B45B825B28327D03008D6DAB /* Project object */;
			proxyType = 1;
			remoteGlobalIDString = B448802628732F2D000D1093;
			remoteInfo = rlansync_core;
		};
		B4FE8FDE28746E530020B3AD /* PBXContainerItemProxy */ = {
			isa = PBXContainerItemProxy;
			containerPortal = B45B825B28327D03008D6DAB /* Project object */;
			proxyType = 1;
			remoteGlobalIDString = B448802628732F2D000D1093;
			remoteInfo = rlansync_core;
		};
/* End PBXContainerItemProxy section */

/* Begin PBXCopyFilesBuildPhase section */
		B448803E28732F2D000D1093 /* Embed Frameworks */ = {
			isa = PBXCopyFilesBuildPhase;
			buildActionMask = 2147483647;
			dstPath = "";
			dstSubfolderSpec = 10;
			files = (
				B448803D28732F2D000D1093 /* rlansync_core.framework in Embed Frameworks */,
			);
			name = "Embed Frameworks";
			runOnlyForDeploymentPostprocessing = 0;
		};
		B4DF484C284396EC00D5B57C /* Embed App Extensions */ = {
			isa = PBXCopyFilesBuildPhase;
			buildActionMask = 2147483647;
			dstPath = "";
			dstSubfolderSpec = 13;
			files = (
				B43164D82844F47D00BC5EA8 /* share.appex in Embed App Extensions */,
			);
			name = "Embed App Extensions";
			runOnlyForDeploymentPostprocessing = 0;
		};
		B4FE8FE028746E530020B3AD /* Embed Frameworks */ = {
			isa = PBXCopyFilesBuildPhase;
			buildActionMask = 2147483647;
			dstPath = "";
			dstSubfolderSpec = 10;
			files = (
				B4FE8FDD28746E530020B3AD /* rlansync_core.framework in Embed Frameworks */,
			);
			name = "Embed Frameworks";
			runOnlyForDeploymentPostprocessing = 0;
		};
/* End PBXCopyFilesBuildPhase section */

/* Begin PBXFileReference section */
		B43164CE2844F47D00BC5EA8 /* share.appex */ = {isa = PBXFileReference; explicitFileType = "wrapper.app-extension"; includeInIndex = 0; path = share.appex; sourceTree = BUILT_PRODUCTS_DIR; };
		B43164D02844F47D00BC5EA8 /* ShareViewController.swift */ = {isa = PBXFileReference; lastKnownFileType = sourcecode.swift; path = ShareViewController.swift; sourceTree = "<group>"; };
		B43164D32844F47D00BC5EA8 /* Base */ = {isa = PBXFileReference; lastKnownFileType = file.storyboard; name = Base; path = Base.lproj/MainInterface.storyboard; sourceTree = "<group>"; };
		B43164D52844F47D00BC5EA8 /* Info.plist */ = {isa = PBXFileReference; lastKnownFileType = text.plist.xml; path = Info.plist; sourceTree = "<group>"; };
		B43164DC2844F48B00BC5EA8 /* share.entitlements */ = {isa = PBXFileReference; lastKnownFileType = text.plist.entitlements; path = share.entitlements; sourceTree = "<group>"; };
		B43164DD2844FCF900BC5EA8 /* ShareItem.swift */ = {isa = PBXFileReference; lastKnownFileType = sourcecode.swift; path = ShareItem.swift; sourceTree = "<group>"; };
		B43164DF2845097D00BC5EA8 /* ItemDirectoryView.swift */ = {isa = PBXFileReference; lastKnownFileType = sourcecode.swift; path = ItemDirectoryView.swift; sourceTree = "<group>"; };
		B43164E12845158900BC5EA8 /* DetailView.swift */ = {isa = PBXFileReference; lastKnownFileType = sourcecode.swift; path = DetailView.swift; sourceTree = "<group>"; };
		B43164E3284515E500BC5EA8 /* GridItemView.swift */ = {isa = PBXFileReference; lastKnownFileType = sourcecode.swift; path = GridItemView.swift; sourceTree = "<group>"; };
		B43164E52846601200BC5EA8 /* README.md */ = {isa = PBXFileReference; lastKnownFileType = net.daringfireball.markdown; path = README.md; sourceTree = "<group>"; };
		B448802728732F2D000D1093 /* rlansync_core.framework */ = {isa = PBXFileReference; explicitFileType = wrapper.framework; includeInIndex = 0; path = rlansync_core.framework; sourceTree = BUILT_PRODUCTS_DIR; };
		B448802928732F2D000D1093 /* rlansync_core.h */ = {isa = PBXFileReference; lastKnownFileType = sourcecode.c.h; path = rlansync_core.h; sourceTree = "<group>"; };
		B448802A28732F2D000D1093 /* rlansync_core.docc */ = {isa = PBXFileReference; lastKnownFileType = folder.documentationcatalog; path = rlansync_core.docc; sourceTree = "<group>"; };
		B448804928732F9B000D1093 /* rlansync_macos.app */ = {isa = PBXFileReference; explicitFileType = wrapper.application; includeInIndex = 0; path = rlansync_macos.app; sourceTree = BUILT_PRODUCTS_DIR; };
		B448804B28732F9B000D1093 /* rlansync_macosApp.swift */ = {isa = PBXFileReference; lastKnownFileType = sourcecode.swift; path = rlansync_macosApp.swift; sourceTree = "<group>"; };
		B448804D28732F9B000D1093 /* ContentView.swift */ = {isa = PBXFileReference; lastKnownFileType = sourcecode.swift; path = ContentView.swift; sourceTree = "<group>"; };
		B448804F28732F9D000D1093 /* Assets.xcassets */ = {isa = PBXFileReference; lastKnownFileType = folder.assetcatalog; path = Assets.xcassets; sourceTree = "<group>"; };
		B448805228732F9D000D1093 /* Preview Assets.xcassets */ = {isa = PBXFileReference; lastKnownFileType = folder.assetcatalog; path = "Preview Assets.xcassets"; sourceTree = "<group>"; };
		B448805928732F9D000D1093 /* rlansync_macos.entitlements */ = {isa = PBXFileReference; lastKnownFileType = text.plist.entitlements; path = rlansync_macos.entitlements; sourceTree = "<group>"; };
		B4583E582843A5E70079853C /* rlansync_ios.entitlements */ = {isa = PBXFileReference; lastKnownFileType = text.plist.entitlements; path = rlansync_ios.entitlements; sourceTree = "<group>"; };
		B45B826328327D03008D6DAB /* rlansync_ios.app */ = {isa = PBXFileReference; explicitFileType = wrapper.application; includeInIndex = 0; path = rlansync_ios.app; sourceTree = BUILT_PRODUCTS_DIR; };
		B45B826628327D03008D6DAB /* rlansync_iosApp.swift */ = {isa = PBXFileReference; lastKnownFileType = sourcecode.swift; path = rlansync_iosApp.swift; sourceTree = "<group>"; };
		B45B826828327D03008D6DAB /* ContentView.swift */ = {isa = PBXFileReference; lastKnownFileType = sourcecode.swift; path = ContentView.swift; sourceTree = "<group>"; };
		B45B826A28327D05008D6DAB /* Assets.xcassets */ = {isa = PBXFileReference; lastKnownFileType = folder.assetcatalog; path = Assets.xcassets; sourceTree = "<group>"; };
		B45B826D28327D05008D6DAB /* Preview Assets.xcassets */ = {isa = PBXFileReference; lastKnownFileType = folder.assetcatalog; path = "Preview Assets.xcassets"; sourceTree = "<group>"; };
		B45B827B28327F6D008D6DAB /* libresolv.tbd */ = {isa = PBXFileReference; lastKnownFileType = "sourcecode.text-based-dylib-definition"; name = libresolv.tbd; path = usr/lib/libresolv.tbd; sourceTree = SDKROOT; };
		B46347A5285F1EE700EBF9AC /* ItemImageView.swift */ = {isa = PBXFileReference; lastKnownFileType = sourcecode.swift; path = ItemImageView.swift; sourceTree = "<group>"; };
		B4946FD02879B4C100B57517 /* SimpleShareItem.swift */ = {isa = PBXFileReference; lastKnownFileType = sourcecode.swift; path = SimpleShareItem.swift; sourceTree = "<group>"; };
		B4DF483828437D4900D5B57C /* ItemTextView.swift */ = {isa = PBXFileReference; lastKnownFileType = sourcecode.swift; path = ItemTextView.swift; sourceTree = "<group>"; };
		B4EF0BA22869EB3E00695AAE /* librlansync_lib.a */ = {isa = PBXFileReference; lastKnownFileType = archive.ar; name = librlansync_lib.a; path = ../rlansync_lib/libs/librlansync_lib.a; sourceTree = "<group>"; };
		B4FE8FCD287337980020B3AD /* librlansync_lib-maccatalyst.a */ = {isa = PBXFileReference; lastKnownFileType = archive.ar; name = "librlansync_lib-maccatalyst.a"; path = "../rlansync_lib/libs/librlansync_lib-maccatalyst.a"; sourceTree = "<group>"; };
		B4FE8FD1287466500020B3AD /* librlansync_lib.a */ = {isa = PBXFileReference; lastKnownFileType = archive.ar; name = librlansync_lib.a; path = "../rlansync_lib/target/x86_64-apple-ios/release/librlansync_lib.a"; sourceTree = "<group>"; };
		B4FE8FD3287469930020B3AD /* librlansync_lib_ios.a */ = {isa = PBXFileReference; lastKnownFileType = archive.ar; name = librlansync_lib_ios.a; path = ../rlansync_lib/libs/librlansync_lib_ios.a; sourceTree = "<group>"; };
		B4FE8FD5287469A90020B3AD /* librlansync_lib_macos.a */ = {isa = PBXFileReference; lastKnownFileType = archive.ar; name = librlansync_lib_macos.a; path = ../rlansync_lib/libs/librlansync_lib_macos.a; sourceTree = "<group>"; };
		B4FE8FD828746A990020B3AD /* rlansynclib.swift */ = {isa = PBXFileReference; lastKnownFileType = sourcecode.swift; path = rlansynclib.swift; sourceTree = "<group>"; };
		B4FE8FDA28746B170020B3AD /* AppSandboxHelper.swift */ = {isa = PBXFileReference; lastKnownFileType = sourcecode.swift; path = AppSandboxHelper.swift; sourceTree = "<group>"; };
/* End PBXFileReference section */

/* Begin PBXFrameworksBuildPhase section */
		B43164CB2844F47D00BC5EA8 /* Frameworks */ = {
			isa = PBXFrameworksBuildPhase;
			buildActionMask = 2147483647;
			files = (
			);
			runOnlyForDeploymentPostprocessing = 0;
		};
		B448802428732F2D000D1093 /* Frameworks */ = {
			isa = PBXFrameworksBuildPhase;
			buildActionMask = 2147483647;
			files = (
				B4FE8FD6287469B40020B3AD /* librlansync_lib_ios.a in Frameworks */,
				B4FE8FD7287469B40020B3AD /* librlansync_lib_macos.a in Frameworks */,
			);
			runOnlyForDeploymentPostprocessing = 0;
		};
		B448804628732F9B000D1093 /* Frameworks */ = {
			isa = PBXFrameworksBuildPhase;
			buildActionMask = 2147483647;
			files = (
				B4FE8FDC28746E530020B3AD /* rlansync_core.framework in Frameworks */,
			);
			runOnlyForDeploymentPostprocessing = 0;
		};
		B45B826028327D03008D6DAB /* Frameworks */ = {
			isa = PBXFrameworksBuildPhase;
			buildActionMask = 2147483647;
			files = (
				B448803C28732F2D000D1093 /* rlansync_core.framework in Frameworks */,
			);
			runOnlyForDeploymentPostprocessing = 0;
		};
/* End PBXFrameworksBuildPhase section */

/* Begin PBXGroup section */
		B43164CF2844F47D00BC5EA8 /* share */ = {
			isa = PBXGroup;
			children = (
				B43164DC2844F48B00BC5EA8 /* share.entitlements */,
				B43164D02844F47D00BC5EA8 /* ShareViewController.swift */,
				B43164D22844F47D00BC5EA8 /* MainInterface.storyboard */,
				B43164D52844F47D00BC5EA8 /* Info.plist */,
				B43164E52846601200BC5EA8 /* README.md */,
			);
			path = share;
			sourceTree = "<group>";
		};
		B448802828732F2D000D1093 /* rlansync_core */ = {
			isa = PBXGroup;
			children = (
				B448802928732F2D000D1093 /* rlansync_core.h */,
				B448802A28732F2D000D1093 /* rlansync_core.docc */,
				B4FE8FD828746A990020B3AD /* rlansynclib.swift */,
				B43164DF2845097D00BC5EA8 /* ItemDirectoryView.swift */,
				B43164E3284515E500BC5EA8 /* GridItemView.swift */,
				B43164E12845158900BC5EA8 /* DetailView.swift */,
				B46347A5285F1EE700EBF9AC /* ItemImageView.swift */,
				B4DF483828437D4900D5B57C /* ItemTextView.swift */,
				B4FE8FDA28746B170020B3AD /* AppSandboxHelper.swift */,
				B43164DD2844FCF900BC5EA8 /* ShareItem.swift */,
				B4946FD02879B4C100B57517 /* SimpleShareItem.swift */,
			);
			path = rlansync_core;
			sourceTree = "<group>";
		};
		B448804A28732F9B000D1093 /* rlansync_macos */ = {
			isa = PBXGroup;
			children = (
				B448804B28732F9B000D1093 /* rlansync_macosApp.swift */,
				B448804D28732F9B000D1093 /* ContentView.swift */,
				B448804F28732F9D000D1093 /* Assets.xcassets */,
				B448805928732F9D000D1093 /* rlansync_macos.entitlements */,
				B448805128732F9D000D1093 /* Preview Content */,
			);
			path = rlansync_macos;
			sourceTree = "<group>";
		};
		B448805128732F9D000D1093 /* Preview Content */ = {
			isa = PBXGroup;
			children = (
				B448805228732F9D000D1093 /* Preview Assets.xcassets */,
			);
			path = "Preview Content";
			sourceTree = "<group>";
		};
		B45B825A28327D03008D6DAB = {
			isa = PBXGroup;
			children = (
				B45B826528327D03008D6DAB /* rlansync_ios */,
				B43164CF2844F47D00BC5EA8 /* share */,
				B448802828732F2D000D1093 /* rlansync_core */,
				B448804A28732F9B000D1093 /* rlansync_macos */,
				B45B826428327D03008D6DAB /* Products */,
				B45B827428327D58008D6DAB /* Frameworks */,
			);
			sourceTree = "<group>";
		};
		B45B826428327D03008D6DAB /* Products */ = {
			isa = PBXGroup;
			children = (
				B45B826328327D03008D6DAB /* rlansync_ios.app */,
				B43164CE2844F47D00BC5EA8 /* share.appex */,
				B448802728732F2D000D1093 /* rlansync_core.framework */,
				B448804928732F9B000D1093 /* rlansync_macos.app */,
			);
			name = Products;
			sourceTree = "<group>";
		};
		B45B826528327D03008D6DAB /* rlansync_ios */ = {
			isa = PBXGroup;
			children = (
				B4583E582843A5E70079853C /* rlansync_ios.entitlements */,
				B45B826628327D03008D6DAB /* rlansync_iosApp.swift */,
				B45B826828327D03008D6DAB /* ContentView.swift */,
				B45B826A28327D05008D6DAB /* Assets.xcassets */,
				B45B826C28327D05008D6DAB /* Preview Content */,
			);
			path = rlansync_ios;
			sourceTree = "<group>";
		};
		B45B826C28327D05008D6DAB /* Preview Content */ = {
			isa = PBXGroup;
			children = (
				B45B826D28327D05008D6DAB /* Preview Assets.xcassets */,
			);
			path = "Preview Content";
			sourceTree = "<group>";
		};
		B45B827428327D58008D6DAB /* Frameworks */ = {
			isa = PBXGroup;
			children = (
				B4FE8FD5287469A90020B3AD /* librlansync_lib_macos.a */,
				B4FE8FD3287469930020B3AD /* librlansync_lib_ios.a */,
				B4FE8FD1287466500020B3AD /* librlansync_lib.a */,
				B4FE8FCD287337980020B3AD /* librlansync_lib-maccatalyst.a */,
				B4EF0BA22869EB3E00695AAE /* librlansync_lib.a */,
				B45B827B28327F6D008D6DAB /* libresolv.tbd */,
			);
			name = Frameworks;
			sourceTree = "<group>";
		};
/* End PBXGroup section */

/* Begin PBXHeadersBuildPhase section */
		B448802228732F2D000D1093 /* Headers */ = {
			isa = PBXHeadersBuildPhase;
			buildActionMask = 2147483647;
			files = (
				B448803928732F2D000D1093 /* rlansync_core.h in Headers */,
			);
			runOnlyForDeploymentPostprocessing = 0;
		};
/* End PBXHeadersBuildPhase section */

/* Begin PBXNativeTarget section */
		B43164CD2844F47D00BC5EA8 /* share */ = {
			isa = PBXNativeTarget;
			buildConfigurationList = B43164D92844F47D00BC5EA8 /* Build configuration list for PBXNativeTarget "share" */;
			buildPhases = (
				B43164CA2844F47D00BC5EA8 /* Sources */,
				B43164CB2844F47D00BC5EA8 /* Frameworks */,
				B43164CC2844F47D00BC5EA8 /* Resources */,
			);
			buildRules = (
			);
			dependencies = (
			);
			name = share;
			productName = share;
			productReference = B43164CE2844F47D00BC5EA8 /* share.appex */;
			productType = "com.apple.product-type.app-extension";
		};
		B448802628732F2D000D1093 /* rlansync_core */ = {
			isa = PBXNativeTarget;
			buildConfigurationList = B448804328732F2D000D1093 /* Build configuration list for PBXNativeTarget "rlansync_core" */;
			buildPhases = (
				B448802228732F2D000D1093 /* Headers */,
				B448802328732F2D000D1093 /* Sources */,
				B448802428732F2D000D1093 /* Frameworks */,
				B448802528732F2D000D1093 /* Resources */,
			);
			buildRules = (
			);
			dependencies = (
			);
			name = rlansync_core;
			productName = rlansync_core;
			productReference = B448802728732F2D000D1093 /* rlansync_core.framework */;
			productType = "com.apple.product-type.framework";
		};
		B448804828732F9B000D1093 /* rlansync_macos */ = {
			isa = PBXNativeTarget;
			buildConfigurationList = B448805A28732F9D000D1093 /* Build configuration list for PBXNativeTarget "rlansync_macos" */;
			buildPhases = (
				B448804528732F9B000D1093 /* Sources */,
				B448804628732F9B000D1093 /* Frameworks */,
				B448804728732F9B000D1093 /* Resources */,
				B4FE8FE028746E530020B3AD /* Embed Frameworks */,
			);
			buildRules = (
			);
			dependencies = (
				B4FE8FDF28746E530020B3AD /* PBXTargetDependency */,
			);
			name = rlansync_macos;
			productName = rlansync_macos;
			productReference = B448804928732F9B000D1093 /* rlansync_macos.app */;
			productType = "com.apple.product-type.application";
		};
		B45B826228327D03008D6DAB /* rlansync_ios */ = {
			isa = PBXNativeTarget;
			buildConfigurationList = B45B827128327D05008D6DAB /* Build configuration list for PBXNativeTarget "rlansync_ios" */;
			buildPhases = (
				B45B825F28327D03008D6DAB /* Sources */,
				B45B826028327D03008D6DAB /* Frameworks */,
				B45B826128327D03008D6DAB /* Resources */,
				B4DF484C284396EC00D5B57C /* Embed App Extensions */,
				B448803E28732F2D000D1093 /* Embed Frameworks */,
			);
			buildRules = (
			);
			dependencies = (
				B43164D72844F47D00BC5EA8 /* PBXTargetDependency */,
				B448803B28732F2D000D1093 /* PBXTargetDependency */,
			);
			name = rlansync_ios;
			packageProductDependencies = (
			);
			productName = rlansync_ios;
			productReference = B45B826328327D03008D6DAB /* rlansync_ios.app */;
			productType = "com.apple.product-type.application";
		};
/* End PBXNativeTarget section */

/* Begin PBXProject section */
		B45B825B28327D03008D6DAB /* Project object */ = {
			isa = PBXProject;
			attributes = {
				BuildIndependentTargetsInParallel = 1;
				LastSwiftUpdateCheck = 1340;
				LastUpgradeCheck = 1330;
				TargetAttributes = {
					B43164CD2844F47D00BC5EA8 = {
						CreatedOnToolsVersion = 13.4;
					};
					B448802628732F2D000D1093 = {
						CreatedOnToolsVersion = 13.4.1;
					};
					B448804828732F9B000D1093 = {
						CreatedOnToolsVersion = 13.4.1;
					};
					B45B826228327D03008D6DAB = {
						CreatedOnToolsVersion = 13.3.1;
						LastSwiftMigration = 1330;
					};
				};
			};
			buildConfigurationList = B45B825E28327D03008D6DAB /* Build configuration list for PBXProject "rlansync" */;
			compatibilityVersion = "Xcode 13.0";
			developmentRegion = en;
			hasScannedForEncodings = 0;
			knownRegions = (
				en,
				Base,
			);
			mainGroup = B45B825A28327D03008D6DAB;
			packageReferences = (
			);
			productRefGroup = B45B826428327D03008D6DAB /* Products */;
			projectDirPath = "";
			projectRoot = "";
			targets = (
				B45B826228327D03008D6DAB /* rlansync_ios */,
				B43164CD2844F47D00BC5EA8 /* share */,
				B448802628732F2D000D1093 /* rlansync_core */,
				B448804828732F9B000D1093 /* rlansync_macos */,
			);
		};
/* End PBXProject section */

/* Begin PBXResourcesBuildPhase section */
		B43164CC2844F47D00BC5EA8 /* Resources */ = {
			isa = PBXResourcesBuildPhase;
			buildActionMask = 2147483647;
			files = (
				B43164D42844F47D00BC5EA8 /* MainInterface.storyboard in Resources */,
			);
			runOnlyForDeploymentPostprocessing = 0;
		};
		B448802528732F2D000D1093 /* Resources */ = {
			isa = PBXResourcesBuildPhase;
			buildActionMask = 2147483647;
			files = (
			);
			runOnlyForDeploymentPostprocessing = 0;
		};
		B448804728732F9B000D1093 /* Resources */ = {
			isa = PBXResourcesBuildPhase;
			buildActionMask = 2147483647;
			files = (
				B448805328732F9D000D1093 /* Preview Assets.xcassets in Resources */,
				B448805028732F9D000D1093 /* Assets.xcassets in Resources */,
			);
			runOnlyForDeploymentPostprocessing = 0;
		};
		B45B826128327D03008D6DAB /* Resources */ = {
			isa = PBXResourcesBuildPhase;
			buildActionMask = 2147483647;
			files = (
				B45B826E28327D05008D6DAB /* Preview Assets.xcassets in Resources */,
				B45B826B28327D05008D6DAB /* Assets.xcassets in Resources */,
			);
			runOnlyForDeploymentPostprocessing = 0;
		};
/* End PBXResourcesBuildPhase section */

/* Begin PBXSourcesBuildPhase section */
		B43164CA2844F47D00BC5EA8 /* Sources */ = {
			isa = PBXSourcesBuildPhase;
			buildActionMask = 2147483647;
			files = (
				B43164D12844F47D00BC5EA8 /* ShareViewController.swift in Sources */,
			);
			runOnlyForDeploymentPostprocessing = 0;
		};
		B448802328732F2D000D1093 /* Sources */ = {
			isa = PBXSourcesBuildPhase;
			buildActionMask = 2147483647;
			files = (
				B4FE8FE6287484260020B3AD /* ShareItem.swift in Sources */,
				B448802B28732F2D000D1093 /* rlansync_core.docc in Sources */,
				B4FE8FE3287483AF0020B3AD /* DetailView.swift in Sources */,
				B4FE8FE1287483A50020B3AD /* ItemDirectoryView.swift in Sources */,
				B4FE8FD928746A990020B3AD /* rlansynclib.swift in Sources */,
				B4FE8FE5287483F10020B3AD /* ItemTextView.swift in Sources */,
				B4FE8FDB28746B170020B3AD /* AppSandboxHelper.swift in Sources */,
				B4FE8FE2287483AD0020B3AD /* GridItemView.swift in Sources */,
				B4946FD12879B4C100B57517 /* SimpleShareItem.swift in Sources */,
				B4FE8FE4287483B10020B3AD /* ItemImageView.swift in Sources */,
			);
			runOnlyForDeploymentPostprocessing = 0;
		};
		B448804528732F9B000D1093 /* Sources */ = {
			isa = PBXSourcesBuildPhase;
			buildActionMask = 2147483647;
			files = (
				B448804E28732F9B000D1093 /* ContentView.swift in Sources */,
				B448804C28732F9B000D1093 /* rlansync_macosApp.swift in Sources */,
			);
			runOnlyForDeploymentPostprocessing = 0;
		};
		B45B825F28327D03008D6DAB /* Sources */ = {
			isa = PBXSourcesBuildPhase;
			buildActionMask = 2147483647;
			files = (
				B45B826928327D03008D6DAB /* ContentView.swift in Sources */,
				B45B826728327D03008D6DAB /* rlansync_iosApp.swift in Sources */,
			);
			runOnlyForDeploymentPostprocessing = 0;
		};
/* End PBXSourcesBuildPhase section */

/* Begin PBXTargetDependency section */
		B43164D72844F47D00BC5EA8 /* PBXTargetDependency */ = {
			isa = PBXTargetDependency;
			platformFilter = ios;
			target = B43164CD2844F47D00BC5EA8 /* share */;
			targetProxy = B43164D62844F47D00BC5EA8 /* PBXContainerItemProxy */;
		};
		B448803B28732F2D000D1093 /* PBXTargetDependency */ = {
			isa = PBXTargetDependency;
			target = B448802628732F2D000D1093 /* rlansync_core */;
			targetProxy = B448803A28732F2D000D1093 /* PBXContainerItemProxy */;
		};
		B4FE8FDF28746E530020B3AD /* PBXTargetDependency */ = {
			isa = PBXTargetDependency;
			platformFilter = ios;
			target = B448802628732F2D000D1093 /* rlansync_core */;
			targetProxy = B4FE8FDE28746E530020B3AD /* PBXContainerItemProxy */;
		};
/* End PBXTargetDependency section */

/* Begin PBXVariantGroup section */
		B43164D22844F47D00BC5EA8 /* MainInterface.storyboard */ = {
			isa = PBXVariantGroup;
			children = (
				B43164D32844F47D00BC5EA8 /* Base */,
			);
			name = MainInterface.storyboard;
			sourceTree = "<group>";
		};
/* End PBXVariantGroup section */

/* Begin XCBuildConfiguration section */
		B43164DA2844F47D00BC5EA8 /* Debug */ = {
			isa = XCBuildConfiguration;
			buildSettings = {
				CODE_SIGN_ENTITLEMENTS = share/share.entitlements;
				CODE_SIGN_STYLE = Automatic;
				CURRENT_PROJECT_VERSION = 1;
				DEVELOPMENT_TEAM = E8MXEZ8C96;
				GENERATE_INFOPLIST_FILE = YES;
				INFOPLIST_FILE = share/Info.plist;
				INFOPLIST_KEY_CFBundleDisplayName = share;
				INFOPLIST_KEY_NSHumanReadableCopyright = "";
				IPHONEOS_DEPLOYMENT_TARGET = 13.0;
				LD_RUNPATH_SEARCH_PATHS = (
					"$(inherited)",
					"@executable_path/Frameworks",
					"@executable_path/../../Frameworks",
				);
				MARKETING_VERSION = 1.0;
				PRODUCT_BUNDLE_IDENTIFIER = com.stoprain.rlansync.ios.share;
				PRODUCT_NAME = "$(TARGET_NAME)";
				SKIP_INSTALL = YES;
				SUPPORTS_MACCATALYST = NO;
				SWIFT_EMIT_LOC_STRINGS = YES;
				SWIFT_VERSION = 5.0;
				TARGETED_DEVICE_FAMILY = "1,2";
			};
			name = Debug;
		};
		B43164DB2844F47D00BC5EA8 /* Release */ = {
			isa = XCBuildConfiguration;
			buildSettings = {
				CODE_SIGN_ENTITLEMENTS = share/share.entitlements;
				CODE_SIGN_STYLE = Automatic;
				CURRENT_PROJECT_VERSION = 1;
				DEVELOPMENT_TEAM = E8MXEZ8C96;
				GENERATE_INFOPLIST_FILE = YES;
				INFOPLIST_FILE = share/Info.plist;
				INFOPLIST_KEY_CFBundleDisplayName = share;
				INFOPLIST_KEY_NSHumanReadableCopyright = "";
				IPHONEOS_DEPLOYMENT_TARGET = 13.0;
				LD_RUNPATH_SEARCH_PATHS = (
					"$(inherited)",
					"@executable_path/Frameworks",
					"@executable_path/../../Frameworks",
				);
				MARKETING_VERSION = 1.0;
				PRODUCT_BUNDLE_IDENTIFIER = com.stoprain.rlansync.ios.share;
				PRODUCT_NAME = "$(TARGET_NAME)";
				SKIP_INSTALL = YES;
				SUPPORTS_MACCATALYST = NO;
				SWIFT_EMIT_LOC_STRINGS = YES;
				SWIFT_VERSION = 5.0;
				TARGETED_DEVICE_FAMILY = "1,2";
			};
			name = Release;
		};
		B448803F28732F2D000D1093 /* Debug */ = {
			isa = XCBuildConfiguration;
			buildSettings = {
				ARCHS = (
					"$(ARCHS_STANDARD)",
					arm64,
					armv7,
				);
				CODE_SIGN_STYLE = Automatic;
				CURRENT_PROJECT_VERSION = 1;
				DEFINES_MODULE = YES;
				DEVELOPMENT_TEAM = E8MXEZ8C96;
				DYLIB_COMPATIBILITY_VERSION = 1;
				DYLIB_CURRENT_VERSION = 1;
				DYLIB_INSTALL_NAME_BASE = "@rpath";
				GENERATE_INFOPLIST_FILE = YES;
				INFOPLIST_KEY_NSHumanReadableCopyright = "";
				INSTALL_PATH = "$(LOCAL_LIBRARY_DIR)/Frameworks";
				IPHONEOS_DEPLOYMENT_TARGET = 15.0;
				LD_RUNPATH_SEARCH_PATHS = (
					"$(inherited)",
					"@executable_path/Frameworks",
					"@loader_path/Frameworks",
				);
				LIBRARY_SEARCH_PATHS = "$(PROJECT_DIR)/../rlansync_lib/libs";
				MARKETING_VERSION = 1.0;
				PRODUCT_BUNDLE_IDENTIFIER = com.stoprain.rlansync.core;
				PRODUCT_NAME = "$(TARGET_NAME:c99extidentifier)";
				SDKROOT = macosx;
				SKIP_INSTALL = YES;
				SUPPORTED_PLATFORMS = "iphonesimulator iphoneos macosx";
				SUPPORTS_MACCATALYST = NO;
				SWIFT_EMIT_LOC_STRINGS = YES;
				SWIFT_VERSION = 5.0;
				TARGETED_DEVICE_FAMILY = "1,2";
				VERSIONING_SYSTEM = "apple-generic";
				VERSION_INFO_PREFIX = "";
			};
			name = Debug;
		};
		B448804028732F2D000D1093 /* Release */ = {
			isa = XCBuildConfiguration;
			buildSettings = {
				ARCHS = (
					"$(ARCHS_STANDARD)",
					arm64,
					armv7,
				);
				CODE_SIGN_STYLE = Automatic;
				CURRENT_PROJECT_VERSION = 1;
				DEFINES_MODULE = YES;
				DEVELOPMENT_TEAM = E8MXEZ8C96;
				DYLIB_COMPATIBILITY_VERSION = 1;
				DYLIB_CURRENT_VERSION = 1;
				DYLIB_INSTALL_NAME_BASE = "@rpath";
				GENERATE_INFOPLIST_FILE = YES;
				INFOPLIST_KEY_NSHumanReadableCopyright = "";
				INSTALL_PATH = "$(LOCAL_LIBRARY_DIR)/Frameworks";
				IPHONEOS_DEPLOYMENT_TARGET = 15.0;
				LD_RUNPATH_SEARCH_PATHS = (
					"$(inherited)",
					"@executable_path/Frameworks",
					"@loader_path/Frameworks",
				);
				LIBRARY_SEARCH_PATHS = "$(PROJECT_DIR)/../rlansync_lib/libs";
				MARKETING_VERSION = 1.0;
				PRODUCT_BUNDLE_IDENTIFIER = com.stoprain.rlansync.core;
				PRODUCT_NAME = "$(TARGET_NAME:c99extidentifier)";
				SDKROOT = macosx;
				SKIP_INSTALL = YES;
				SUPPORTED_PLATFORMS = "iphonesimulator iphoneos macosx";
				SUPPORTS_MACCATALYST = NO;
				SWIFT_EMIT_LOC_STRINGS = YES;
				SWIFT_VERSION = 5.0;
				TARGETED_DEVICE_FAMILY = "1,2";
				VERSIONING_SYSTEM = "apple-generic";
				VERSION_INFO_PREFIX = "";
			};
			name = Release;
		};
		B448805B28732F9D000D1093 /* Debug */ = {
			isa = XCBuildConfiguration;
			buildSettings = {
				ASSETCATALOG_COMPILER_APPICON_NAME = AppIcon;
				ASSETCATALOG_COMPILER_GLOBAL_ACCENT_COLOR_NAME = AccentColor;
				CODE_SIGN_ENTITLEMENTS = rlansync_macos/rlansync_macos.entitlements;
				CODE_SIGN_STYLE = Automatic;
				COMBINE_HIDPI_IMAGES = YES;
				CURRENT_PROJECT_VERSION = 1;
				DEVELOPMENT_ASSET_PATHS = "\"rlansync_macos/Preview Content\"";
				DEVELOPMENT_TEAM = E8MXEZ8C96;
				ENABLE_HARDENED_RUNTIME = YES;
				ENABLE_PREVIEWS = YES;
				GENERATE_INFOPLIST_FILE = YES;
				INFOPLIST_KEY_NSHumanReadableCopyright = "";
				LD_RUNPATH_SEARCH_PATHS = (
					"$(inherited)",
					"@executable_path/../Frameworks",
				);
				MACOSX_DEPLOYMENT_TARGET = 12.3;
				MARKETING_VERSION = 1.0;
				PRODUCT_BUNDLE_IDENTIFIER = com.stoprain.rlansync.macos;
				PRODUCT_NAME = "$(TARGET_NAME)";
				SDKROOT = macosx;
				SWIFT_EMIT_LOC_STRINGS = YES;
				SWIFT_VERSION = 5.0;
			};
			name = Debug;
		};
		B448805C28732F9D000D1093 /* Release */ = {
			isa = XCBuildConfiguration;
			buildSettings = {
				ASSETCATALOG_COMPILER_APPICON_NAME = AppIcon;
				ASSETCATALOG_COMPILER_GLOBAL_ACCENT_COLOR_NAME = AccentColor;
				CODE_SIGN_ENTITLEMENTS = rlansync_macos/rlansync_macos.entitlements;
				CODE_SIGN_STYLE = Automatic;
				COMBINE_HIDPI_IMAGES = YES;
				CURRENT_PROJECT_VERSION = 1;
				DEVELOPMENT_ASSET_PATHS = "\"rlansync_macos/Preview Content\"";
				DEVELOPMENT_TEAM = E8MXEZ8C96;
				ENABLE_HARDENED_RUNTIME = YES;
				ENABLE_PREVIEWS = YES;
				GENERATE_INFOPLIST_FILE = YES;
				INFOPLIST_KEY_NSHumanReadableCopyright = "";
				LD_RUNPATH_SEARCH_PATHS = (
					"$(inherited)",
					"@executable_path/../Frameworks",
				);
				MACOSX_DEPLOYMENT_TARGET = 12.3;
				MARKETING_VERSION = 1.0;
				PRODUCT_BUNDLE_IDENTIFIER = com.stoprain.rlansync.macos;
				PRODUCT_NAME = "$(TARGET_NAME)";
				SDKROOT = macosx;
				SWIFT_EMIT_LOC_STRINGS = YES;
				SWIFT_VERSION = 5.0;
			};
			name = Release;
		};
		B45B826F28327D05008D6DAB /* Debug */ = {
			isa = XCBuildConfiguration;
			buildSettings = {
				ALWAYS_SEARCH_USER_PATHS = NO;
				CLANG_ANALYZER_NONNULL = YES;
				CLANG_ANALYZER_NUMBER_OBJECT_CONVERSION = YES_AGGRESSIVE;
				CLANG_CXX_LANGUAGE_STANDARD = "gnu++17";
				CLANG_ENABLE_MODULES = YES;
				CLANG_ENABLE_OBJC_ARC = YES;
				CLANG_ENABLE_OBJC_WEAK = YES;
				CLANG_WARN_BLOCK_CAPTURE_AUTORELEASING = YES;
				CLANG_WARN_BOOL_CONVERSION = YES;
				CLANG_WARN_COMMA = YES;
				CLANG_WARN_CONSTANT_CONVERSION = YES;
				CLANG_WARN_DEPRECATED_OBJC_IMPLEMENTATIONS = YES;
				CLANG_WARN_DIRECT_OBJC_ISA_USAGE = YES_ERROR;
				CLANG_WARN_DOCUMENTATION_COMMENTS = YES;
				CLANG_WARN_EMPTY_BODY = YES;
				CLANG_WARN_ENUM_CONVERSION = YES;
				CLANG_WARN_INFINITE_RECURSION = YES;
				CLANG_WARN_INT_CONVERSION = YES;
				CLANG_WARN_NON_LITERAL_NULL_CONVERSION = YES;
				CLANG_WARN_OBJC_IMPLICIT_RETAIN_SELF = YES;
				CLANG_WARN_OBJC_LITERAL_CONVERSION = YES;
				CLANG_WARN_OBJC_ROOT_CLASS = YES_ERROR;
				CLANG_WARN_QUOTED_INCLUDE_IN_FRAMEWORK_HEADER = YES;
				CLANG_WARN_RANGE_LOOP_ANALYSIS = YES;
				CLANG_WARN_STRICT_PROTOTYPES = YES;
				CLANG_WARN_SUSPICIOUS_MOVE = YES;
				CLANG_WARN_UNGUARDED_AVAILABILITY = YES_AGGRESSIVE;
				CLANG_WARN_UNREACHABLE_CODE = YES;
				CLANG_WARN__DUPLICATE_METHOD_MATCH = YES;
				COPY_PHASE_STRIP = NO;
				DEBUG_INFORMATION_FORMAT = dwarf;
				ENABLE_STRICT_OBJC_MSGSEND = YES;
				ENABLE_TESTABILITY = YES;
				GCC_C_LANGUAGE_STANDARD = gnu11;
				GCC_DYNAMIC_NO_PIC = NO;
				GCC_NO_COMMON_BLOCKS = YES;
				GCC_OPTIMIZATION_LEVEL = 0;
				GCC_PREPROCESSOR_DEFINITIONS = (
					"DEBUG=1",
					"$(inherited)",
				);
				GCC_WARN_64_TO_32_BIT_CONVERSION = YES;
				GCC_WARN_ABOUT_RETURN_TYPE = YES_ERROR;
				GCC_WARN_UNDECLARED_SELECTOR = YES;
				GCC_WARN_UNINITIALIZED_AUTOS = YES_AGGRESSIVE;
				GCC_WARN_UNUSED_FUNCTION = YES;
				GCC_WARN_UNUSED_VARIABLE = YES;
				IPHONEOS_DEPLOYMENT_TARGET = 15.0;
				MTL_ENABLE_DEBUG_INFO = INCLUDE_SOURCE;
				MTL_FAST_MATH = YES;
				ONLY_ACTIVE_ARCH = YES;
				SDKROOT = iphoneos;
				SWIFT_ACTIVE_COMPILATION_CONDITIONS = DEBUG;
				SWIFT_OPTIMIZATION_LEVEL = "-Onone";
			};
			name = Debug;
		};
		B45B827028327D05008D6DAB /* Release */ = {
			isa = XCBuildConfiguration;
			buildSettings = {
				ALWAYS_SEARCH_USER_PATHS = NO;
				CLANG_ANALYZER_NONNULL = YES;
				CLANG_ANALYZER_NUMBER_OBJECT_CONVERSION = YES_AGGRESSIVE;
				CLANG_CXX_LANGUAGE_STANDARD = "gnu++17";
				CLANG_ENABLE_MODULES = YES;
				CLANG_ENABLE_OBJC_ARC = YES;
				CLANG_ENABLE_OBJC_WEAK = YES;
				CLANG_WARN_BLOCK_CAPTURE_AUTORELEASING = YES;
				CLANG_WARN_BOOL_CONVERSION = YES;
				CLANG_WARN_COMMA = YES;
				CLANG_WARN_CONSTANT_CONVERSION = YES;
				CLANG_WARN_DEPRECATED_OBJC_IMPLEMENTATIONS = YES;
				CLANG_WARN_DIRECT_OBJC_ISA_USAGE = YES_ERROR;
				CLANG_WARN_DOCUMENTATION_COMMENTS = YES;
				CLANG_WARN_EMPTY_BODY = YES;
				CLANG_WARN_ENUM_CONVERSION = YES;
				CLANG_WARN_INFINITE_RECURSION = YES;
				CLANG_WARN_INT_CONVERSION = YES;
				CLANG_WARN_NON_LITERAL_NULL_CONVERSION = YES;
				CLANG_WARN_OBJC_IMPLICIT_RETAIN_SELF = YES;
				CLANG_WARN_OBJC_LITERAL_CONVERSION = YES;
				CLANG_WARN_OBJC_ROOT_CLASS = YES_ERROR;
				CLANG_WARN_QUOTED_INCLUDE_IN_FRAMEWORK_HEADER = YES;
				CLANG_WARN_RANGE_LOOP_ANALYSIS = YES;
				CLANG_WARN_STRICT_PROTOTYPES = YES;
				CLANG_WARN_SUSPICIOUS_MOVE = YES;
				CLANG_WARN_UNGUARDED_AVAILABILITY = YES_AGGRESSIVE;
				CLANG_WARN_UNREACHABLE_CODE = YES;
				CLANG_WARN__DUPLICATE_METHOD_MATCH = YES;
				COPY_PHASE_STRIP = NO;
				DEBUG_INFORMATION_FORMAT = "dwarf-with-dsym";
				ENABLE_NS_ASSERTIONS = NO;
				ENABLE_STRICT_OBJC_MSGSEND = YES;
				GCC_C_LANGUAGE_STANDARD = gnu11;
				GCC_NO_COMMON_BLOCKS = YES;
				GCC_WARN_64_TO_32_BIT_CONVERSION = YES;
				GCC_WARN_ABOUT_RETURN_TYPE = YES_ERROR;
				GCC_WARN_UNDECLARED_SELECTOR = YES;
				GCC_WARN_UNINITIALIZED_AUTOS = YES_AGGRESSIVE;
				GCC_WARN_UNUSED_FUNCTION = YES;
				GCC_WARN_UNUSED_VARIABLE = YES;
				IPHONEOS_DEPLOYMENT_TARGET = 15.0;
				MTL_ENABLE_DEBUG_INFO = NO;
				MTL_FAST_MATH = YES;
				SDKROOT = iphoneos;
				SWIFT_COMPILATION_MODE = wholemodule;
				SWIFT_OPTIMIZATION_LEVEL = "-O";
				VALIDATE_PRODUCT = YES;
			};
			name = Release;
		};
		B45B827228327D05008D6DAB /* Debug */ = {
			isa = XCBuildConfiguration;
			buildSettings = {
				ALWAYS_EMBED_SWIFT_STANDARD_LIBRARIES = YES;
				ASSETCATALOG_COMPILER_APPICON_NAME = AppIcon;
				ASSETCATALOG_COMPILER_GLOBAL_ACCENT_COLOR_NAME = AccentColor;
				CLANG_ENABLE_MODULES = YES;
				CODE_SIGN_ENTITLEMENTS = rlansync_ios/rlansync_ios.entitlements;
				CODE_SIGN_STYLE = Automatic;
				CURRENT_PROJECT_VERSION = 1;
				DEVELOPMENT_ASSET_PATHS = "\"rlansync_ios/Preview Content\"";
				DEVELOPMENT_TEAM = E8MXEZ8C96;
				ENABLE_PREVIEWS = YES;
				GENERATE_INFOPLIST_FILE = YES;
				INFOPLIST_KEY_UIApplicationSceneManifest_Generation = YES;
				INFOPLIST_KEY_UIApplicationSupportsIndirectInputEvents = YES;
				INFOPLIST_KEY_UILaunchScreen_Generation = YES;
				INFOPLIST_KEY_UISupportedInterfaceOrientations_iPad = "UIInterfaceOrientationPortrait UIInterfaceOrientationPortraitUpsideDown UIInterfaceOrientationLandscapeLeft UIInterfaceOrientationLandscapeRight";
				INFOPLIST_KEY_UISupportedInterfaceOrientations_iPhone = "UIInterfaceOrientationPortrait UIInterfaceOrientationLandscapeLeft UIInterfaceOrientationLandscapeRight";
				LD_RUNPATH_SEARCH_PATHS = (
					"$(inherited)",
					"@executable_path/Frameworks",
				);
				MARKETING_VERSION = 1.0;
				PRODUCT_BUNDLE_IDENTIFIER = com.stoprain.rlansync.ios;
				PRODUCT_NAME = "$(TARGET_NAME)";
				SUPPORTS_MACCATALYST = NO;
				SWIFT_EMIT_LOC_STRINGS = YES;
				SWIFT_OPTIMIZATION_LEVEL = "-Onone";
				SWIFT_VERSION = 5.0;
				TARGETED_DEVICE_FAMILY = "1,2";
			};
			name = Debug;
		};
		B45B827328327D05008D6DAB /* Release */ = {
			isa = XCBuildConfiguration;
			buildSettings = {
				ALWAYS_EMBED_SWIFT_STANDARD_LIBRARIES = YES;
				ASSETCATALOG_COMPILER_APPICON_NAME = AppIcon;
				ASSETCATALOG_COMPILER_GLOBAL_ACCENT_COLOR_NAME = AccentColor;
				CLANG_ENABLE_MODULES = YES;
				CODE_SIGN_ENTITLEMENTS = rlansync_ios/rlansync_ios.entitlements;
				CODE_SIGN_STYLE = Automatic;
				CURRENT_PROJECT_VERSION = 1;
				DEVELOPMENT_ASSET_PATHS = "\"rlansync_ios/Preview Content\"";
				DEVELOPMENT_TEAM = E8MXEZ8C96;
				ENABLE_PREVIEWS = YES;
				GENERATE_INFOPLIST_FILE = YES;
				INFOPLIST_KEY_UIApplicationSceneManifest_Generation = YES;
				INFOPLIST_KEY_UIApplicationSupportsIndirectInputEvents = YES;
				INFOPLIST_KEY_UILaunchScreen_Generation = YES;
				INFOPLIST_KEY_UISupportedInterfaceOrientations_iPad = "UIInterfaceOrientationPortrait UIInterfaceOrientationPortraitUpsideDown UIInterfaceOrientationLandscapeLeft UIInterfaceOrientationLandscapeRight";
				INFOPLIST_KEY_UISupportedInterfaceOrientations_iPhone = "UIInterfaceOrientationPortrait UIInterfaceOrientationLandscapeLeft UIInterfaceOrientationLandscapeRight";
				LD_RUNPATH_SEARCH_PATHS = (
					"$(inherited)",
					"@executable_path/Frameworks",
				);
				MARKETING_VERSION = 1.0;
				PRODUCT_BUNDLE_IDENTIFIER = com.stoprain.rlansync.ios;
				PRODUCT_NAME = "$(TARGET_NAME)";
				SUPPORTS_MACCATALYST = NO;
				SWIFT_EMIT_LOC_STRINGS = YES;
				SWIFT_VERSION = 5.0;
				TARGETED_DEVICE_FAMILY = "1,2";
			};
			name = Release;
		};
/* End XCBuildConfiguration section */

/* Begin XCConfigurationList section */
		B43164D92844F47D00BC5EA8 /* Build configuration list for PBXNativeTarget "share" */ = {
			isa = XCConfigurationList;
			buildConfigurations = (
				B43164DA2844F47D00BC5EA8 /* Debug */,
				B43164DB2844F47D00BC5EA8 /* Release */,
			);
			defaultConfigurationIsVisible = 0;
			defaultConfigurationName = Release;
		};
		B448804328732F2D000D1093 /* Build configuration list for PBXNativeTarget "rlansync_core" */ = {
			isa = XCConfigurationList;
			buildConfigurations = (
				B448803F28732F2D000D1093 /* Debug */,
				B448804028732F2D000D1093 /* Release */,
			);
			defaultConfigurationIsVisible = 0;
			defaultConfigurationName = Release;
		};
		B448805A28732F9D000D1093 /* Build configuration list for PBXNativeTarget "rlansync_macos" */ = {
			isa = XCConfigurationList;
			buildConfigurations = (
				B448805B28732F9D000D1093 /* Debug */,
				B448805C28732F9D000D1093 /* Release */,
			);
			defaultConfigurationIsVisible = 0;
			defaultConfigurationName = Release;
		};
		B45B825E28327D03008D6DAB /* Build configuration list for PBXProject "rlansync" */ = {
			isa = XCConfigurationList;
			buildConfigurations = (
				B45B826F28327D05008D6DAB /* Debug */,
				B45B827028327D05008D6DAB /* Release */,
			);
			defaultConfigurationIsVisible = 0;
			defaultConfigurationName = Release;
		};
		B45B827128327D05008D6DAB /* Build configuration list for PBXNativeTarget "rlansync_ios" */ = {
			isa = XCConfigurationList;
			buildConfigurations = (
				B45B827228327D05008D6DAB /* Debug */,
				B45B827328327D05008D6DAB /* Release */,
			);
			defaultConfigurationIsVisible = 0;
			defaultConfigurationName = Release;
		};
/* End XCConfigurationList section */
	};
	rootObject = B45B825B28327D03008D6DAB /* Project object */;
}
